
Microsoft Visual Studio Solution File, Format Version 12.00
# Visual Studio Version 17
VisualStudioVersion = 17.9.34902.65
MinimumVisualStudioVersion = 10.0.40219.1
Project("{FAE04EC0-301F-11D3-BF4B-00C04F79EFBC}") = "Worktastic", "Worktastic.csproj", "{34169CC6-551B-44AE-85FD-9046267B2304}"
EndProject
Global
	GlobalSection(SolutionConfigurationPlatforms) = preSolution
		Debug|Any CPU = Debug|Any CPU
		Release|Any CPU = Release|Any CPU
	EndGlobalSection
	GlobalSection(ProjectConfigurationPlatforms) = postSolution
		{34169CC6-551B-44AE-85FD-9046267B2304}.Debug|Any CPU.ActiveCfg = Debug|Any CPU
		{34169CC6-551B-44AE-85FD-9046267B2304}.Debug|Any CPU.Build.0 = Debug|Any CPU
		{34169CC6-551B-44AE-85FD-9046267B2304}.Release|Any CPU.ActiveCfg = Release|Any CPU
		{34169CC6-551B-44AE-85FD-9046267B2304}.Release|Any CPU.Build.0 = Release|Any CPU
	EndGlobalSection
	GlobalSection(SolutionProperties) = preSolution
		HideSolutionNode = FALSE
	EndGlobalSection
	GlobalSection(ExtensibilityGlobals) = postSolution
		SolutionGuid = {9FDC43D5-FB7D-47A1-ADCF-6D912E2F2D0A}
	EndGlobalSection
EndGlobal
